// !$*UTF8*$!
{
	archiveVersion = 1;
	classes = {
	};
	objectVersion = 50;
	objects = {

/* Begin PBXBuildFile section */
		EA1E9AD322C2FC3E0088D04F /* AppDelegate.swift in Sources */ = {isa = PBXBuildFile; fileRef = EA1E9AD222C2FC3E0088D04F /* AppDelegate.swift */; };
		EA1E9AD522C2FC3E0088D04F /* ViewController.swift in Sources */ = {isa = PBXBuildFile; fileRef = EA1E9AD422C2FC3E0088D04F /* ViewController.swift */; };
		EA1E9AD822C2FC3F0088D04F /* Main.storyboard in Resources */ = {isa = PBXBuildFile; fileRef = EA1E9AD622C2FC3F0088D04F /* Main.storyboard */; };
		EA1E9ADA22C2FC410088D04F /* Assets.xcassets in Resources */ = {isa = PBXBuildFile; fileRef = EA1E9AD922C2FC410088D04F /* Assets.xcassets */; };
		EA1E9ADD22C2FC410088D04F /* LaunchScreen.storyboard in Resources */ = {isa = PBXBuildFile; fileRef = EA1E9ADB22C2FC410088D04F /* LaunchScreen.storyboard */; };
/* End PBXBuildFile section */

/* Begin PBXFileReference section */
		EA1E9ACF22C2FC3E0088D04F /* mayTinhCaNhan.app */ = {isa = PBXFileReference; explicitFileType = wrapper.application; includeInIndex = 0; path = mayTinhCaNhan.app; sourceTree = BUILT_PRODUCTS_DIR; };
		EA1E9AD222C2FC3E0088D04F /* AppDelegate.swift */ = {isa = PBXFileReference; lastKnownFileType = sourcecode.swift; path = AppDelegate.swift; sourceTree = "<group>"; };
		EA1E9AD422C2FC3E0088D04F /* ViewController.swift */ = {isa = PBXFileReference; lastKnownFileType = sourcecode.swift; path = ViewController.swift; sourceTree = "<group>"; };
		EA1E9AD722C2FC3F0088D04F /* Base */ = {isa = PBXFileReference; lastKnownFileType = file.storyboard; name = Base; path = Base.lproj/Main.storyboard; sourceTree = "<group>"; };
		EA1E9AD922C2FC410088D04F /* Assets.xcassets */ = {isa = PBXFileReference; lastKnownFileType = folder.assetcatalog; path = Assets.xcassets; sourceTree = "<group>"; };
		EA1E9ADC22C2FC410088D04F /* Base */ = {isa = PBXFileReference; lastKnownFileType = file.storyboard; name = Base; path = Base.lproj/LaunchScreen.storyboard; sourceTree = "<group>"; };
		EA1E9ADE22C2FC420088D04F /* Info.plist */ = {isa = PBXFileReference; lastKnownFileType = text.plist.xml; path = Info.plist; sourceTree = "<group>"; };
/* End PBXFileReference section */

/* Begin PBXFrameworksBuildPhase section */
		EA1E9ACC22C2FC3E0088D04F /* Frameworks */ = {
			isa = PBXFrameworksBuildPhase;
			buildActionMask = 2147483647;
			files = (
			);
			runOnlyForDeploymentPostprocessing = 0;
		};
/* End PBXFrameworksBuildPhase section */

/* Begin PBXGroup section */
		EA1E9AC622C2FC3E0088D04F = {
			isa = PBXGroup;
			children = (
				EA1E9AD122C2FC3E0088D04F /* mayTinhCaNhan */,
				EA1E9AD022C2FC3E0088D04F /* Products */,
			);
			sourceTree = "<group>";
		};
		EA1E9AD022C2FC3E0088D04F /* Products */ = {
			isa = PBXGroup;
			children = (
				EA1E9ACF22C2FC3E0088D04F /* mayTinhCaNhan.app */,
			);
			name = Products;
			sourceTree = "<group>";
		};
		EA1E9AD122C2FC3E0088D04F /* mayTinhCaNhan */ = {
			isa = PBXGroup;
			children = (
				EA1E9AD222C2FC3E0088D04F /* AppDelegate.swift */,
				EA1E9AD422C2FC3E0088D04F /* ViewController.swift */,
				EA1E9AD622C2FC3F0088D04F /* Main.storyboard */,
				EA1E9AD922C2FC410088D04F /* Assets.xcassets */,
				EA1E9ADB22C2FC410088D04F /* LaunchScreen.storyboard */,
				EA1E9ADE22C2FC420088D04F /* Info.plist */,
			);
			path = mayTinhCaNhan;
			sourceTree = "<group>";
		};
/* End PBXGroup section */

/* Begin PBXNativeTarget section */
		EA1E9ACE22C2FC3E0088D04F /* mayTinhCaNhan */ = {
			isa = PBXNativeTarget;
			buildConfigurationList = EA1E9AE122C2FC420088D04F /* Build configuration list for PBXNativeTarget "mayTinhCaNhan" */;
			buildPhases = (
				EA1E9ACB22C2FC3E0088D04F /* Sources */,
				EA1E9ACC22C2FC3E0088D04F /* Frameworks */,
				EA1E9ACD22C2FC3E0088D04F /* Resources */,
			);
			buildRules = (
			);
			dependencies = (
			);
			name = mayTinhCaNhan;
			productName = mayTinhCaNhan;
			productReference = EA1E9ACF22C2FC3E0088D04F /* mayTinhCaNhan.app */;
			productType = "com.apple.product-type.application";
		};
/* End PBXNativeTarget section */

/* Begin PBXProject section */
		EA1E9AC722C2FC3E0088D04F /* Project object */ = {
			isa = PBXProject;
			attributes = {
				LastSwiftUpdateCheck = 1020;
				LastUpgradeCheck = 1020;
				ORGANIZATIONNAME = "Minh Thanh";
				TargetAttributes = {
					EA1E9ACE22C2FC3E0088D04F = {
						CreatedOnToolsVersion = 10.2.1;
					};
				};
			};
			buildConfigurationList = EA1E9ACA22C2FC3E0088D04F /* Build configuration list for PBXProject "mayTinhCaNhan" */;
			compatibilityVersion = "Xcode 9.3";
			developmentRegion = en;
			hasScannedForEncodings = 0;
			knownRegions = (
				en,
				Base,
			);
			mainGroup = EA1E9AC622C2FC3E0088D04F;
			productRefGroup = EA1E9AD022C2FC3E0088D04F /* Products */;
			projectDirPath = "";
			projectRoot = "";
			targets = (
				EA1E9ACE22C2FC3E0088D04F /* mayTinhCaNhan */,
			);
		};
/* End PBXProject section */

/* Begin PBXResourcesBuildPhase section */
		EA1E9ACD22C2FC3E0088D04F /* Resources */ = {
			isa = PBXResourcesBuildPhase;
			buildActionMask = 2147483647;
			files = (
				EA1E9ADD22C2FC410088D04F /* LaunchScreen.storyboard in Resources */,
				EA1E9ADA22C2FC410088D04F /* Assets.xcassets in Resources */,
				EA1E9AD822C2FC3F0088D04F /* Main.storyboard in Resources */,
			);
			runOnlyForDeploymentPostprocessing = 0;
		};
/* End PBXResourcesBuildPhase section */

/* Begin PBXSourcesBuildPhase section */
		EA1E9ACB22C2FC3E0088D04F /* Sources */ = {
			isa = PBXSourcesBuildPhase;
			buildActionMask = 2147483647;
			files = (
				EA1E9AD522C2FC3E0088D04F /* ViewController.swift in Sources */,
				EA1E9AD322C2FC3E0088D04F /* AppDelegate.swift in Sources */,
			);
			runOnlyForDeploymentPostprocessing = 0;
		};
/* End PBXSourcesBuildPhase section */

/* Begin PBXVariantGroup section */
		EA1E9AD622C2FC3F0088D04F /* Main.storyboard */ = {
			isa = PBXVariantGroup;
			children = (
				EA1E9AD722C2FC3F0088D04F /* Base */,
			);
			name = Main.storyboard;
			sourceTree = "<group>";
		};
		EA1E9ADB22C2FC410088D04F /* LaunchScreen.storyboard */ = {
			isa = PBXVariantGroup;
			children = (
				EA1E9ADC22C2FC410088D04F /* Base */,
			);
			name = LaunchScreen.storyboard;
			sourceTree = "<group>";
		};
/* End PBXVariantGroup section */

/* Begin XCBuildConfiguration section */
		EA1E9ADF22C2FC420088D04F /* Debug */ = {
			isa = XCBuildConfiguration;
			buildSettings = {
				ALWAYS_SEARCH_USER_PATHS = NO;
				CLANG_ANALYZER_NONNULL = YES;
				CLANG_ANALYZER_NUMBER_OBJECT_CONVERSION = YES_AGGRESSIVE;
				CLANG_CXX_LANGUAGE_STANDARD = "gnu++14";
				CLANG_CXX_LIBRARY = "libc++";
				CLANG_ENABLE_MODULES = YES;
				CLANG_ENABLE_OBJC_ARC = YES;
				CLANG_ENABLE_OBJC_WEAK = YES;
				CLANG_WARN_BLOCK_CAPTURE_AUTORELEASING = YES;
				CLANG_WARN_BOOL_CONVERSION = YES;
				CLANG_WARN_COMMA = YES;
				CLANG_WARN_CONSTANT_CONVERSION = YES;
				CLANG_WARN_DEPRECATED_OBJC_IMPLEMENTATIONS = YES;
				CLANG_WARN_DIRECT_OBJC_ISA_USAGE = YES_ERROR;
				CLANG_WARN_DOCUMENTATION_COMMENTS = YES;
				CLANG_WARN_EMPTY_BODY = YES;
				CLANG_WARN_ENUM_CONVERSION = YES;
				CLANG_WARN_INFINITE_RECURSION = YES;
				CLANG_WARN_INT_CONVERSION = YES;
				CLANG_WARN_NON_LITERAL_NULL_CONVERSION = YES;
				CLANG_WARN_OBJC_IMPLICIT_RETAIN_SELF = YES;
				CLANG_WARN_OBJC_LITERAL_CONVERSION = YES;
				CLANG_WARN_OBJC_ROOT_CLASS = YES_ERROR;
				CLANG_WARN_RANGE_LOOP_ANALYSIS = YES;
				CLANG_WARN_STRICT_PROTOTYPES = YES;
				CLANG_WARN_SUSPICIOUS_MOVE = YES;
				CLANG_WARN_UNGUARDED_AVAILABILITY = YES_AGGRESSIVE;
				CLANG_WARN_UNREACHABLE_CODE = YES;
				CLANG_WARN__DUPLICATE_METHOD_MATCH = YES;
				CODE_SIGN_IDENTITY = "iPhone Developer";
				COPY_PHASE_STRIP = NO;
				DEBUG_INFORMATION_FORMAT = dwarf;
				ENABLE_STRICT_OBJC_MSGSEND = YES;
				ENABLE_TESTABILITY = YES;
				GCC_C_LANGUAGE_STANDARD = gnu11;
				GCC_DYNAMIC_NO_PIC = NO;
				GCC_NO_COMMON_BLOCKS = YES;
				GCC_OPTIMIZATION_LEVEL = 0;
				GCC_PREPROCESSOR_DEFINITIONS = (
					"DEBUG=1",
					"$(inherited)",
				);
				GCC_WARN_64_TO_32_BIT_CONVERSION = YES;
				GCC_WARN_ABOUT_RETURN_TYPE = YES_ERROR;
				GCC_WARN_UNDECLARED_SELECTOR = YES;
				GCC_WARN_UNINITIALIZED_AUTOS = YES_AGGRESSIVE;
				GCC_WARN_UNUSED_FUNCTION = YES;
				GCC_WARN_UNUSED_VARIABLE = YES;
				IPHONEOS_DEPLOYMENT_TARGET = 12.2;
				MTL_ENABLE_DEBUG_INFO = INCLUDE_SOURCE;
				MTL_FAST_MATH = YES;
				ONLY_ACTIVE_ARCH = YES;
				SDKROOT = iphoneos;
				SWIFT_ACTIVE_COMPILATION_CONDITIONS = DEBUG;
				SWIFT_OPTIMIZATION_LEVEL = "-Onone";
			};
			name = Debug;
		};
		EA1E9AE022C2FC420088D04F /* Release */ = {
			isa = XCBuildConfiguration;
			buildSettings = {
				ALWAYS_SEARCH_USER_PATHS = NO;
				CLANG_ANALYZER_NONNULL = YES;
				CLANG_ANALYZER_NUMBER_OBJECT_CONVERSION = YES_AGGRESSIVE;
				CLANG_CXX_LANGUAGE_STANDARD = "gnu++14";
				CLANG_CXX_LIBRARY = "libc++";
				CLANG_ENABLE_MODULES = YES;
				CLANG_ENABLE_OBJC_ARC = YES;
				CLANG_ENABLE_OBJC_WEAK = YES;
				CLANG_WARN_BLOCK_CAPTURE_AUTORELEASING = YES;
				CLANG_WARN_BOOL_CONVERSION = YES;
				CLANG_WARN_COMMA = YES;
				CLANG_WARN_CONSTANT_CONVERSION = YES;
				CLANG_WARN_DEPRECATED_OBJC_IMPLEMENTATIONS = YES;
				CLANG_WARN_DIRECT_OBJC_ISA_USAGE = YES_ERROR;
				CLANG_WARN_DOCUMENTATION_COMMENTS = YES;
				CLANG_WARN_EMPTY_BODY = YES;
				CLANG_WARN_ENUM_CONVERSION = YES;
				CLANG_WARN_INFINITE_RECURSION = YES;
				CLANG_WARN_INT_CONVERSION = YES;
				CLANG_WARN_NON_LITERAL_NULL_CONVERSION = YES;
				CLANG_WARN_OBJC_IMPLICIT_RETAIN_SELF = YES;
				CLANG_WARN_OBJC_LITERAL_CONVERSION = YES;
				CLANG_WARN_OBJC_ROOT_CLASS = YES_ERROR;
				CLANG_WARN_RANGE_LOOP_ANALYSIS = YES;
				CLANG_WARN_STRICT_PROTOTYPES = YES;
				CLANG_WARN_SUSPICIOUS_MOVE = YES;
				CLANG_WARN_UNGUARDED_AVAILABILITY = YES_AGGRESSIVE;
				CLANG_WARN_UNREACHABLE_CODE = YES;
				CLANG_WARN__DUPLICATE_METHOD_MATCH = YES;
				CODE_SIGN_IDENTITY = "iPhone Developer";
				COPY_PHASE_STRIP = NO;
				DEBUG_INFORMATION_FORMAT = "dwarf-with-dsym";
				ENABLE_NS_ASSERTIONS = NO;
				ENABLE_STRICT_OBJC_MSGSEND = YES;
				GCC_C_LANGUAGE_STANDARD = gnu11;
				GCC_NO_COMMON_BLOCKS = YES;
				GCC_WARN_64_TO_32_BIT_CONVERSION = YES;
				GCC_WARN_ABOUT_RETURN_TYPE = YES_ERROR;
				GCC_WARN_UNDECLARED_SELECTOR = YES;
				GCC_WARN_UNINITIALIZED_AUTOS = YES_AGGRESSIVE;
				GCC_WARN_UNUSED_FUNCTION = YES;
				GCC_WARN_UNUSED_VARIABLE = YES;
				IPHONEOS_DEPLOYMENT_TARGET = 12.2;
				MTL_ENABLE_DEBUG_INFO = NO;
				MTL_FAST_MATH = YES;
				SDKROOT = iphoneos;
				SWIFT_COMPILATION_MODE = wholemodule;
				SWIFT_OPTIMIZATION_LEVEL = "-O";
				VALIDATE_PRODUCT = YES;
			};
			name = Release;
		};
		EA1E9AE222C2FC420088D04F /* Debug */ = {
			isa = XCBuildConfiguration;
			buildSettings = {
				ASSETCATALOG_COMPILER_APPICON_NAME = AppIcon;
				CODE_SIGN_STYLE = Automatic;
				DEVELOPMENT_TEAM = 39WZ3PT53R;
				INFOPLIST_FILE = mayTinhCaNhan/Info.plist;
				LD_RUNPATH_SEARCH_PATHS = (
					"$(inherited)",
					"@executable_path/Frameworks",
				);
				PRODUCT_BUNDLE_IDENTIFIER = com.minhthanh.mayTinhCaNhan;
				PRODUCT_NAME = "$(TARGET_NAME)";
				SWIFT_VERSION = 5.0;
				TARGETED_DEVICE_FAMILY = "1,2";
			};
			name = Debug;
		};
		EA1E9AE322C2FC420088D04F /* Release */ = {
			isa = XCBuildConfiguration;
			buildSettings = {
				ASSETCATALOG_COMPILER_APPICON_NAME = AppIcon;
				CODE_SIGN_STYLE = Automatic;
				DEVELOPMENT_TEAM = 39WZ3PT53R;
				INFOPLIST_FILE = mayTinhCaNhan/Info.plist;
				LD_RUNPATH_SEARCH_PATHS = (
					"$(inherited)",
					"@executable_path/Frameworks",
				);
				PRODUCT_BUNDLE_IDENTIFIER = com.minhthanh.mayTinhCaNhan;
				PRODUCT_NAME = "$(TARGET_NAME)";
				SWIFT_VERSION = 5.0;
				TARGETED_DEVICE_FAMILY = "1,2";
			};
			name = Release;
		};
/* End XCBuildConfiguration section */

/* Begin XCConfigurationList section */
		EA1E9ACA22C2FC3E0088D04F /* Build configuration list for PBXProject "mayTinhCaNhan" */ = {
			isa = XCConfigurationList;
			buildConfigurations = (
				EA1E9ADF22C2FC420088D04F /* Debug */,
				EA1E9AE022C2FC420088D04F /* Release */,
			);
			defaultConfigurationIsVisible = 0;
			defaultConfigurationName = Release;
		};
		EA1E9AE122C2FC420088D04F /* Build configuration list for PBXNativeTarget "mayTinhCaNhan" */ = {
			isa = XCConfigurationList;
			buildConfigurations = (
				EA1E9AE222C2FC420088D04F /* Debug */,
				EA1E9AE322C2FC420088D04F /* Release */,
			);
			defaultConfigurationIsVisible = 0;
			defaultConfigurationName = Release;
		};
/* End XCConfigurationList section */
	};
	rootObject = EA1E9AC722C2FC3E0088D04F /* Project object */;
}
