// !$*UTF8*$!
{
	archiveVersion = 1;
	classes = {
	};
	objectVersion = 50;
	objects = {

/* Begin PBXBuildFile section */
		EA098B6E22C3A391008C3E1D /* AppDelegate.swift in Sources */ = {isa = PBXBuildFile; fileRef = EA098B6D22C3A391008C3E1D /* AppDelegate.swift */; };
		EA098B7022C3A391008C3E1D /* ViewController.swift in Sources */ = {isa = PBXBuildFile; fileRef = EA098B6F22C3A391008C3E1D /* ViewController.swift */; };
		EA098B7322C3A391008C3E1D /* Main.storyboard in Resources */ = {isa = PBXBuildFile; fileRef = EA098B7122C3A391008C3E1D /* Main.storyboard */; };
		EA098B7522C3A392008C3E1D /* Assets.xcassets in Resources */ = {isa = PBXBuildFile; fileRef = EA098B7422C3A392008C3E1D /* Assets.xcassets */; };
		EA098B7822C3A392008C3E1D /* LaunchScreen.storyboard in Resources */ = {isa = PBXBuildFile; fileRef = EA098B7622C3A392008C3E1D /* LaunchScreen.storyboard */; };
		EA098B8022C3A740008C3E1D /* DANHSACHTHANHVIEN.swift in Sources */ = {isa = PBXBuildFile; fileRef = EA098B7F22C3A740008C3E1D /* DANHSACHTHANHVIEN.swift */; };
/* End PBXBuildFile section */

/* Begin PBXFileReference section */
		EA098B6A22C3A391008C3E1D /* dangKyThanhVien.app */ = {isa = PBXFileReference; explicitFileType = wrapper.application; includeInIndex = 0; path = dangKyThanhVien.app; sourceTree = BUILT_PRODUCTS_DIR; };
		EA098B6D22C3A391008C3E1D /* AppDelegate.swift */ = {isa = PBXFileReference; lastKnownFileType = sourcecode.swift; path = AppDelegate.swift; sourceTree = "<group>"; };
		EA098B6F22C3A391008C3E1D /* ViewController.swift */ = {isa = PBXFileReference; lastKnownFileType = sourcecode.swift; path = ViewController.swift; sourceTree = "<group>"; };
		EA098B7222C3A391008C3E1D /* Base */ = {isa = PBXFileReference; lastKnownFileType = file.storyboard; name = Base; path = Base.lproj/Main.storyboard; sourceTree = "<group>"; };
		EA098B7422C3A392008C3E1D /* Assets.xcassets */ = {isa = PBXFileReference; lastKnownFileType = folder.assetcatalog; path = Assets.xcassets; sourceTree = "<group>"; };
		EA098B7722C3A392008C3E1D /* Base */ = {isa = PBXFileReference; lastKnownFileType = file.storyboard; name = Base; path = Base.lproj/LaunchScreen.storyboard; sourceTree = "<group>"; };
		EA098B7922C3A392008C3E1D /* Info.plist */ = {isa = PBXFileReference; lastKnownFileType = text.plist.xml; path = Info.plist; sourceTree = "<group>"; };
		EA098B7F22C3A740008C3E1D /* DANHSACHTHANHVIEN.swift */ = {isa = PBXFileReference; lastKnownFileType = sourcecode.swift; path = DANHSACHTHANHVIEN.swift; sourceTree = "<group>"; };
/* End PBXFileReference section */

/* Begin PBXFrameworksBuildPhase section */
		EA098B6722C3A391008C3E1D /* Frameworks */ = {
			isa = PBXFrameworksBuildPhase;
			buildActionMask = 2147483647;
			files = (
			);
			runOnlyForDeploymentPostprocessing = 0;
		};
/* End PBXFrameworksBuildPhase section */

/* Begin PBXGroup section */
		EA098B6122C3A391008C3E1D = {
			isa = PBXGroup;
			children = (
				EA098B6C22C3A391008C3E1D /* dangKyThanhVien */,
				EA098B6B22C3A391008C3E1D /* Products */,
			);
			sourceTree = "<group>";
		};
		EA098B6B22C3A391008C3E1D /* Products */ = {
			isa = PBXGroup;
			children = (
				EA098B6A22C3A391008C3E1D /* dangKyThanhVien.app */,
			);
			name = Products;
			sourceTree = "<group>";
		};
		EA098B6C22C3A391008C3E1D /* dangKyThanhVien */ = {
			isa = PBXGroup;
			children = (
				EA098B6D22C3A391008C3E1D /* AppDelegate.swift */,
				EA098B6F22C3A391008C3E1D /* ViewController.swift */,
				EA098B7122C3A391008C3E1D /* Main.storyboard */,
				EA098B7422C3A392008C3E1D /* Assets.xcassets */,
				EA098B7622C3A392008C3E1D /* LaunchScreen.storyboard */,
				EA098B7922C3A392008C3E1D /* Info.plist */,
				EA098B7F22C3A740008C3E1D /* DANHSACHTHANHVIEN.swift */,
			);
			path = dangKyThanhVien;
			sourceTree = "<group>";
		};
/* End PBXGroup section */

/* Begin PBXNativeTarget section */
		EA098B6922C3A391008C3E1D /* dangKyThanhVien */ = {
			isa = PBXNativeTarget;
			buildConfigurationList = EA098B7C22C3A392008C3E1D /* Build configuration list for PBXNativeTarget "dangKyThanhVien" */;
			buildPhases = (
				EA098B6622C3A391008C3E1D /* Sources */,
				EA098B6722C3A391008C3E1D /* Frameworks */,
				EA098B6822C3A391008C3E1D /* Resources */,
			);
			buildRules = (
			);
			dependencies = (
			);
			name = dangKyThanhVien;
			productName = dangKyThanhVien;
			productReference = EA098B6A22C3A391008C3E1D /* dangKyThanhVien.app */;
			productType = "com.apple.product-type.application";
		};
/* End PBXNativeTarget section */

/* Begin PBXProject section */
		EA098B6222C3A391008C3E1D /* Project object */ = {
			isa = PBXProject;
			attributes = {
				LastSwiftUpdateCheck = 1020;
				LastUpgradeCheck = 1020;
				ORGANIZATIONNAME = "Minh Thanh";
				TargetAttributes = {
					EA098B6922C3A391008C3E1D = {
						CreatedOnToolsVersion = 10.2.1;
					};
				};
			};
			buildConfigurationList = EA098B6522C3A391008C3E1D /* Build configuration list for PBXProject "dangKyThanhVien" */;
			compatibilityVersion = "Xcode 9.3";
			developmentRegion = en;
			hasScannedForEncodings = 0;
			knownRegions = (
				en,
				Base,
			);
			mainGroup = EA098B6122C3A391008C3E1D;
			productRefGroup = EA098B6B22C3A391008C3E1D /* Products */;
			projectDirPath = "";
			projectRoot = "";
			targets = (
				EA098B6922C3A391008C3E1D /* dangKyThanhVien */,
			);
		};
/* End PBXProject section */

/* Begin PBXResourcesBuildPhase section */
		EA098B6822C3A391008C3E1D /* Resources */ = {
			isa = PBXResourcesBuildPhase;
			buildActionMask = 2147483647;
			files = (
				EA098B7822C3A392008C3E1D /* LaunchScreen.storyboard in Resources */,
				EA098B7522C3A392008C3E1D /* Assets.xcassets in Resources */,
				EA098B7322C3A391008C3E1D /* Main.storyboard in Resources */,
			);
			runOnlyForDeploymentPostprocessing = 0;
		};
/* End PBXResourcesBuildPhase section */

/* Begin PBXSourcesBuildPhase section */
		EA098B6622C3A391008C3E1D /* Sources */ = {
			isa = PBXSourcesBuildPhase;
			buildActionMask = 2147483647;
			files = (
				EA098B8022C3A740008C3E1D /* DANHSACHTHANHVIEN.swift in Sources */,
				EA098B7022C3A391008C3E1D /* ViewController.swift in Sources */,
				EA098B6E22C3A391008C3E1D /* AppDelegate.swift in Sources */,
			);
			runOnlyForDeploymentPostprocessing = 0;
		};
/* End PBXSourcesBuildPhase section */

/* Begin PBXVariantGroup section */
		EA098B7122C3A391008C3E1D /* Main.storyboard */ = {
			isa = PBXVariantGroup;
			children = (
				EA098B7222C3A391008C3E1D /* Base */,
			);
			name = Main.storyboard;
			sourceTree = "<group>";
		};
		EA098B7622C3A392008C3E1D /* LaunchScreen.storyboard */ = {
			isa = PBXVariantGroup;
			children = (
				EA098B7722C3A392008C3E1D /* Base */,
			);
			name = LaunchScreen.storyboard;
			sourceTree = "<group>";
		};
/* End PBXVariantGroup section */

/* Begin XCBuildConfiguration section */
		EA098B7A22C3A392008C3E1D /* Debug */ = {
			isa = XCBuildConfiguration;
			buildSettings = {
				ALWAYS_SEARCH_USER_PATHS = NO;
				CLANG_ANALYZER_NONNULL = YES;
				CLANG_ANALYZER_NUMBER_OBJECT_CONVERSION = YES_AGGRESSIVE;
				CLANG_CXX_LANGUAGE_STANDARD = "gnu++14";
				CLANG_CXX_LIBRARY = "libc++";
				CLANG_ENABLE_MODULES = YES;
				CLANG_ENABLE_OBJC_ARC = YES;
				CLANG_ENABLE_OBJC_WEAK = YES;
				CLANG_WARN_BLOCK_CAPTURE_AUTORELEASING = YES;
				CLANG_WARN_BOOL_CONVERSION = YES;
				CLANG_WARN_COMMA = YES;
				CLANG_WARN_CONSTANT_CONVERSION = YES;
				CLANG_WARN_DEPRECATED_OBJC_IMPLEMENTATIONS = YES;
				CLANG_WARN_DIRECT_OBJC_ISA_USAGE = YES_ERROR;
				CLANG_WARN_DOCUMENTATION_COMMENTS = YES;
				CLANG_WARN_EMPTY_BODY = YES;
				CLANG_WARN_ENUM_CONVERSION = YES;
				CLANG_WARN_INFINITE_RECURSION = YES;
				CLANG_WARN_INT_CONVERSION = YES;
				CLANG_WARN_NON_LITERAL_NULL_CONVERSION = YES;
				CLANG_WARN_OBJC_IMPLICIT_RETAIN_SELF = YES;
				CLANG_WARN_OBJC_LITERAL_CONVERSION = YES;
				CLANG_WARN_OBJC_ROOT_CLASS = YES_ERROR;
				CLANG_WARN_RANGE_LOOP_ANALYSIS = YES;
				CLANG_WARN_STRICT_PROTOTYPES = YES;
				CLANG_WARN_SUSPICIOUS_MOVE = YES;
				CLANG_WARN_UNGUARDED_AVAILABILITY = YES_AGGRESSIVE;
				CLANG_WARN_UNREACHABLE_CODE = YES;
				CLANG_WARN__DUPLICATE_METHOD_MATCH = YES;
				CODE_SIGN_IDENTITY = "iPhone Developer";
				COPY_PHASE_STRIP = NO;
				DEBUG_INFORMATION_FORMAT = dwarf;
				ENABLE_STRICT_OBJC_MSGSEND = YES;
				ENABLE_TESTABILITY = YES;
				GCC_C_LANGUAGE_STANDARD = gnu11;
				GCC_DYNAMIC_NO_PIC = NO;
				GCC_NO_COMMON_BLOCKS = YES;
				GCC_OPTIMIZATION_LEVEL = 0;
				GCC_PREPROCESSOR_DEFINITIONS = (
					"DEBUG=1",
					"$(inherited)",
				);
				GCC_WARN_64_TO_32_BIT_CONVERSION = YES;
				GCC_WARN_ABOUT_RETURN_TYPE = YES_ERROR;
				GCC_WARN_UNDECLARED_SELECTOR = YES;
				GCC_WARN_UNINITIALIZED_AUTOS = YES_AGGRESSIVE;
				GCC_WARN_UNUSED_FUNCTION = YES;
				GCC_WARN_UNUSED_VARIABLE = YES;
				IPHONEOS_DEPLOYMENT_TARGET = 12.2;
				MTL_ENABLE_DEBUG_INFO = INCLUDE_SOURCE;
				MTL_FAST_MATH = YES;
				ONLY_ACTIVE_ARCH = YES;
				SDKROOT = iphoneos;
				SWIFT_ACTIVE_COMPILATION_CONDITIONS = DEBUG;
				SWIFT_OPTIMIZATION_LEVEL = "-Onone";
			};
			name = Debug;
		};
		EA098B7B22C3A392008C3E1D /* Release */ = {
			isa = XCBuildConfiguration;
			buildSettings = {
				ALWAYS_SEARCH_USER_PATHS = NO;
				CLANG_ANALYZER_NONNULL = YES;
				CLANG_ANALYZER_NUMBER_OBJECT_CONVERSION = YES_AGGRESSIVE;
				CLANG_CXX_LANGUAGE_STANDARD = "gnu++14";
				CLANG_CXX_LIBRARY = "libc++";
				CLANG_ENABLE_MODULES = YES;
				CLANG_ENABLE_OBJC_ARC = YES;
				CLANG_ENABLE_OBJC_WEAK = YES;
				CLANG_WARN_BLOCK_CAPTURE_AUTORELEASING = YES;
				CLANG_WARN_BOOL_CONVERSION = YES;
				CLANG_WARN_COMMA = YES;
				CLANG_WARN_CONSTANT_CONVERSION = YES;
				CLANG_WARN_DEPRECATED_OBJC_IMPLEMENTATIONS = YES;
				CLANG_WARN_DIRECT_OBJC_ISA_USAGE = YES_ERROR;
				CLANG_WARN_DOCUMENTATION_COMMENTS = YES;
				CLANG_WARN_EMPTY_BODY = YES;
				CLANG_WARN_ENUM_CONVERSION = YES;
				CLANG_WARN_INFINITE_RECURSION = YES;
				CLANG_WARN_INT_CONVERSION = YES;
				CLANG_WARN_NON_LITERAL_NULL_CONVERSION = YES;
				CLANG_WARN_OBJC_IMPLICIT_RETAIN_SELF = YES;
				CLANG_WARN_OBJC_LITERAL_CONVERSION = YES;
				CLANG_WARN_OBJC_ROOT_CLASS = YES_ERROR;
				CLANG_WARN_RANGE_LOOP_ANALYSIS = YES;
				CLANG_WARN_STRICT_PROTOTYPES = YES;
				CLANG_WARN_SUSPICIOUS_MOVE = YES;
				CLANG_WARN_UNGUARDED_AVAILABILITY = YES_AGGRESSIVE;
				CLANG_WARN_UNREACHABLE_CODE = YES;
				CLANG_WARN__DUPLICATE_METHOD_MATCH = YES;
				CODE_SIGN_IDENTITY = "iPhone Developer";
				COPY_PHASE_STRIP = NO;
				DEBUG_INFORMATION_FORMAT = "dwarf-with-dsym";
				ENABLE_NS_ASSERTIONS = NO;
				ENABLE_STRICT_OBJC_MSGSEND = YES;
				GCC_C_LANGUAGE_STANDARD = gnu11;
				GCC_NO_COMMON_BLOCKS = YES;
				GCC_WARN_64_TO_32_BIT_CONVERSION = YES;
				GCC_WARN_ABOUT_RETURN_TYPE = YES_ERROR;
				GCC_WARN_UNDECLARED_SELECTOR = YES;
				GCC_WARN_UNINITIALIZED_AUTOS = YES_AGGRESSIVE;
				GCC_WARN_UNUSED_FUNCTION = YES;
				GCC_WARN_UNUSED_VARIABLE = YES;
				IPHONEOS_DEPLOYMENT_TARGET = 12.2;
				MTL_ENABLE_DEBUG_INFO = NO;
				MTL_FAST_MATH = YES;
				SDKROOT = iphoneos;
				SWIFT_COMPILATION_MODE = wholemodule;
				SWIFT_OPTIMIZATION_LEVEL = "-O";
				VALIDATE_PRODUCT = YES;
			};
			name = Release;
		};
		EA098B7D22C3A392008C3E1D /* Debug */ = {
			isa = XCBuildConfiguration;
			buildSettings = {
				ASSETCATALOG_COMPILER_APPICON_NAME = AppIcon;
				CODE_SIGN_STYLE = Automatic;
				DEVELOPMENT_TEAM = 39WZ3PT53R;
				INFOPLIST_FILE = dangKyThanhVien/Info.plist;
				LD_RUNPATH_SEARCH_PATHS = (
					"$(inherited)",
					"@executable_path/Frameworks",
				);
				PRODUCT_BUNDLE_IDENTIFIER = com.minhthanh.dangKyThanhVien;
				PRODUCT_NAME = "$(TARGET_NAME)";
				SWIFT_VERSION = 5.0;
				TARGETED_DEVICE_FAMILY = "1,2";
			};
			name = Debug;
		};
		EA098B7E22C3A392008C3E1D /* Release */ = {
			isa = XCBuildConfiguration;
			buildSettings = {
				ASSETCATALOG_COMPILER_APPICON_NAME = AppIcon;
				CODE_SIGN_STYLE = Automatic;
				DEVELOPMENT_TEAM = 39WZ3PT53R;
				INFOPLIST_FILE = dangKyThanhVien/Info.plist;
				LD_RUNPATH_SEARCH_PATHS = (
					"$(inherited)",
					"@executable_path/Frameworks",
				);
				PRODUCT_BUNDLE_IDENTIFIER = com.minhthanh.dangKyThanhVien;
				PRODUCT_NAME = "$(TARGET_NAME)";
				SWIFT_VERSION = 5.0;
				TARGETED_DEVICE_FAMILY = "1,2";
			};
			name = Release;
		};
/* End XCBuildConfiguration section */

/* Begin XCConfigurationList section */
		EA098B6522C3A391008C3E1D /* Build configuration list for PBXProject "dangKyThanhVien" */ = {
			isa = XCConfigurationList;
			buildConfigurations = (
				EA098B7A22C3A392008C3E1D /* Debug */,
				EA098B7B22C3A392008C3E1D /* Release */,
			);
			defaultConfigurationIsVisible = 0;
			defaultConfigurationName = Release;
		};
		EA098B7C22C3A392008C3E1D /* Build configuration list for PBXNativeTarget "dangKyThanhVien" */ = {
			isa = XCConfigurationList;
			buildConfigurations = (
				EA098B7D22C3A392008C3E1D /* Debug */,
				EA098B7E22C3A392008C3E1D /* Release */,
			);
			defaultConfigurationIsVisible = 0;
			defaultConfigurationName = Release;
		};
/* End XCConfigurationList section */
	};
	rootObject = EA098B6222C3A391008C3E1D /* Project object */;
}
